Microsoft Visual Studio Solution File, Format Version 12.00
# Visual Studio Version 17
VisualStudioVersion = 17.5.2.0
MinimumVisualStudioVersion = 10.0.40219.1
Project("{FAE04EC0-301F-11D3-BF4B-00C04F79EFBC}") = "jogo da forca", "jogo da forca.csproj", "{B308ADF9-11AD-E985-3017-0EE28CE9B294}"
EndProject
Global
	GlobalSection(SolutionConfigurationPlatforms) = preSolution
		Debug|Any CPU = Debug|Any CPU
		Release|Any CPU = Release|Any CPU
	EndGlobalSection
	GlobalSection(ProjectConfigurationPlatforms) = postSolution
		{B308ADF9-11AD-E985-3017-0EE28CE9B294}.Debug|Any CPU.ActiveCfg = Debug|Any CPU
		{B308ADF9-11AD-E985-3017-0EE28CE9B294}.Debug|Any CPU.Build.0 = Debug|Any CPU
		{B308ADF9-11AD-E985-3017-0EE28CE9B294}.Release|Any CPU.ActiveCfg = Release|Any CPU
		{B308ADF9-11AD-E985-3017-0EE28CE9B294}.Release|Any CPU.Build.0 = Release|Any CPU
	EndGlobalSection
	GlobalSection(SolutionProperties) = preSolution
		HideSolutionNode = FALSE
	EndGlobalSection
	GlobalSection(ExtensibilityGlobals) = postSolution
		SolutionGuid = {B5D7EB17-378D-40E9-A5BF-29ADDC7D9C6C}
	EndGlobalSection
EndGlobal
